{
  "name": "yi-li-yang.github.io",
  "version": "1.0.0",
  "lockfileVersion": 3,
  "requires": true,
  "packages": {
    "": {
      "name": "yi-li-yang.github.io",
      "version": "1.0.0",
      "dependencies": {
        "@retorquere/bibtex-parser": "^9.0.20",
        "nunjucks": "^3.2.4"
      },
      "engines": {
        "node": ">=20"
      }
    },
    "node_modules/@pomgui/deep": {
      "version": "3.0.3",
      "resolved": "https://registry.npmjs.org/@pomgui/deep/-/deep-3.0.3.tgz",
      "integrity": "sha512-xTLqLKASCb3OkM/tySjESKAhXGQt5pp/MPGDmMh21wuGHFnMU2VriIs1tIT9KPoJsS70PxOCGogrvD8OKojdmg==",
      "license": "MIT"
    },
    "node_modules/@retorquere/bibtex-parser": {
      "version": "9.0.29",
      "resolved": "https://registry.npmjs.org/@retorquere/bibtex-parser/-/bibtex-parser-9.0.29.tgz",
      "integrity": "sha512-lXB+5WrbcL3Q1yX7/D5MhQa8RzJPWSwpBti2iVn2yDLZ7iPfrxiKPEI8UTLRY682+zWckHIyrt+xKG0s8Zh6/Q==",
      "license": "ISC",
      "dependencies": {
        "@unified-latex/unified-latex-util-pegjs": "^1.8.1",
        "@unified-latex/unified-latex-util-print-raw": "^1.8.0",
        "@unified-latex/unified-latex-util-replace": "^1.8.3",
        "@unified-latex/unified-latex-util-visit": "^1.8.3",
        "i": "^0.3.7",
        "lodash.merge": "^4.6.2",
        "moo": "^0.5.3",
        "nearley": "^2.20.1",
        "unicode2latex": "^7.0.30",
        "wink-eng-lite-web-model": "^1.8.1",
        "wink-nlp": "^2.4.0"
      }
    },
    "node_modules/@types/unist": {
      "version": "2.0.11",
      "resolved": "https://registry.npmjs.org/@types/unist/-/unist-2.0.11.tgz",
      "integrity": "sha512-CmBKiL6NNo/OqgmMn95Fk9Whlp2mtvIv+KNpQKN2F4SjvrEesubTRWGYSg+BnWZOnlCaSTU1sMpsBOzgbYhnsA==",
      "license": "MIT"
    },
    "node_modules/@unified-latex/unified-latex-types": {
      "version": "1.8.4",
      "resolved": "https://registry.npmjs.org/@unified-latex/unified-latex-types/-/unified-latex-types-1.8.4.tgz",
      "integrity": "sha512-nQ6YS4WYVOA89qdmxw57vl3KfmRGFHGTyLsw9LxCC7DSE6oma3rvXIGjBDUe7E3bgWocBqRITPcz25VqCRlFzA==",
      "license": "MIT"
    },
    "node_modules/@unified-latex/unified-latex-util-match": {
      "version": "1.8.4",
      "resolved": "https://registry.npmjs.org/@unified-latex/unified-latex-util-match/-/unified-latex-util-match-1.8.4.tgz",
      "integrity": "sha512-wYhTER8i3THQcTYjSufCr8IC0TxguN3dj3h0EFAVneZQ/FIqi/kbvvtPaI0u8mtQLuBDGfhftBy7PvuK9TSG3w==",
      "license": "MIT",
      "dependencies": {
        "@unified-latex/unified-latex-types": "^1.8.4",
        "@unified-latex/unified-latex-util-print-raw": "^1.8.4"
      }
    },
    "node_modules/@unified-latex/unified-latex-util-pegjs": {
      "version": "1.8.4",
      "resolved": "https://registry.npmjs.org/@unified-latex/unified-latex-util-pegjs/-/unified-latex-util-pegjs-1.8.4.tgz",
      "integrity": "sha512-5PTvl2zTK25+Dy8SMpqq6Nf9k1gvr89fS7rR3hB8vi/KjA9AfXGQbiYOcwTfN8O5lpoKJeOuXw6hhaSlTpRaMQ==",
      "license": "MIT",
      "dependencies": {
        "@unified-latex/unified-latex-types": "^1.8.4",
        "@unified-latex/unified-latex-util-match": "^1.8.4"
      }
    },
    "node_modules/@unified-latex/unified-latex-util-print-raw": {
      "version": "1.8.4",
      "resolved": "https://registry.npmjs.org/@unified-latex/unified-latex-util-print-raw/-/unified-latex-util-print-raw-1.8.4.tgz",
      "integrity": "sha512-35hce9A8frQvEp5cM5avPpLMCUs8OIzhR3OZr4TjMJI/Lsj4wu6Tv9h2XQpxDmg8ofOtxn2UEWB19Wld9fgRvw==",
      "license": "MIT",
      "dependencies": {
        "@unified-latex/unified-latex-types": "^1.8.4"
      }
    },
    "node_modules/@unified-latex/unified-latex-util-replace": {
      "version": "1.8.4",
      "resolved": "https://registry.npmjs.org/@unified-latex/unified-latex-util-replace/-/unified-latex-util-replace-1.8.4.tgz",
      "integrity": "sha512-9T2U11L6gihcoCul+xxwQOQrG3b8y5EcXvNXAV5U4c9GkLesvEEQ7wgyVtYtEDHIzFFL6p0Bc60XyWTn8VD3Qw==",
      "license": "MIT",
      "dependencies": {
        "@unified-latex/unified-latex-types": "^1.8.4",
        "@unified-latex/unified-latex-util-match": "^1.8.4",
        "@unified-latex/unified-latex-util-split": "^1.8.4",
        "@unified-latex/unified-latex-util-trim": "^1.8.4",
        "@unified-latex/unified-latex-util-visit": "^1.8.4",
        "unified": "^10.1.2"
      }
    },
    "node_modules/@unified-latex/unified-latex-util-split": {
      "version": "1.8.4",
      "resolved": "https://registry.npmjs.org/@unified-latex/unified-latex-util-split/-/unified-latex-util-split-1.8.4.tgz",
      "integrity": "sha512-EZm92GRiOLcJeH/HFfh1unH+BBBGHOlvgjzIvG5I5XofLWj/Y2lwX2aPbNfrT/nmjKrujcUqPVAQPS8U2ydnpg==",
      "license": "MIT",
      "dependencies": {
        "@unified-latex/unified-latex-types": "^1.8.4",
        "@unified-latex/unified-latex-util-match": "^1.8.4"
      }
    },
    "node_modules/@unified-latex/unified-latex-util-trim": {
      "version": "1.8.4",
      "resolved": "https://registry.npmjs.org/@unified-latex/unified-latex-util-trim/-/unified-latex-util-trim-1.8.4.tgz",
      "integrity": "sha512-Da6vw1XyFxj1uk2p5cxOJXRMVhM/HEaf0SG8R+G1XUEJOmglicSoJOqRIAkpDrLOBZLebAiiXWmjbtIQzbhKkQ==",
      "license": "MIT",
      "dependencies": {
        "@unified-latex/unified-latex-types": "^1.8.4",
        "@unified-latex/unified-latex-util-match": "^1.8.4",
        "@unified-latex/unified-latex-util-visit": "^1.8.4",
        "unified": "^10.1.2"
      }
    },
    "node_modules/@unified-latex/unified-latex-util-visit": {
      "version": "1.8.4",
      "resolved": "https://registry.npmjs.org/@unified-latex/unified-latex-util-visit/-/unified-latex-util-visit-1.8.4.tgz",
      "integrity": "sha512-m5O9evxr/kiX1awZAcwUQL+8slVvlWlkbZoKFDP1agrp3dpk7+69npqyoapKKJEK0B4uRYmv93Ho31oHgNoJrg==",
      "license": "MIT",
      "dependencies": {
        "@unified-latex/unified-latex-types": "^1.8.4",
        "@unified-latex/unified-latex-util-match": "^1.8.4"
      }
    },
    "node_modules/a-sync-waterfall": {
      "version": "1.0.1",
      "resolved": "https://registry.npmjs.org/a-sync-waterfall/-/a-sync-waterfall-1.0.1.tgz",
      "integrity": "sha512-RYTOHHdWipFUliRFMCS4X2Yn2X8M87V/OpSqWzKKOGhzqyUxzyVmhHDH9sAvG+ZuQf/TAOFsLCpMw09I1ufUnA==",
      "license": "MIT"
    },
    "node_modules/asap": {
      "version": "2.0.6",
      "resolved": "https://registry.npmjs.org/asap/-/asap-2.0.6.tgz",
      "integrity": "sha512-BSHWgDSAiKs50o2Re8ppvp3seVHXSRM44cdSsT9FfNEUUZLOGWVCsiWaRPWM1Znn+mqZ1OfVZ3z3DWEzSp7hRA==",
      "license": "MIT"
    },
    "node_modules/bail": {
      "version": "2.0.2",
      "resolved": "https://registry.npmjs.org/bail/-/bail-2.0.2.tgz",
      "integrity": "sha512-0xO6mYd7JB2YesxDKplafRpsiOzPt9V02ddPCLbY1xYGPOX24NTyN50qnUxgCPcSoYMhKpAuBTjQoRZCAkUDRw==",
      "license": "MIT",
      "funding": {
        "type": "github",
        "url": "https://github.com/sponsors/wooorm"
      }
    },
    "node_modules/commander": {
      "version": "2.20.3",
      "resolved": "https://registry.npmjs.org/commander/-/commander-2.20.3.tgz",
      "integrity": "sha512-GpVkmM8vF2vQUkj2LvZmD35JxeJOLCwJ9cUkugyk2nuhbv3+mJvpLYYt+0+USMxE+oj+ey/lJEnhZw75x/OMcQ==",
      "license": "MIT"
    },
    "node_modules/discontinuous-range": {
      "version": "1.0.0",
      "resolved": "https://registry.npmjs.org/discontinuous-range/-/discontinuous-range-1.0.0.tgz",
      "integrity": "sha512-c68LpLbO+7kP/b1Hr1qs8/BJ09F5khZGTxqxZuhzxpmwJKOgRFHJWIb9/KmqnqHhLdO55aOxFH/EGBvUQbL/RQ==",
      "license": "MIT"
    },
    "node_modules/extend": {
      "version": "3.0.2",
      "resolved": "https://registry.npmjs.org/extend/-/extend-3.0.2.tgz",
      "integrity": "sha512-fjquC59cD7CyW6urNXK0FBufkZcoiGG80wTuPujX590cB5Ttln20E2UB4S/WARVqhXffZl2LNgS+gQdPIIim/g==",
      "license": "MIT"
    },
    "node_modules/i": {
      "version": "0.3.7",
      "resolved": "https://registry.npmjs.org/i/-/i-0.3.7.tgz",
      "integrity": "sha512-FYz4wlXgkQwIPqhzC5TdNMLSE5+GS1IIDJZY/1ZiEPCT2S3COUVZeT5OW4BmW4r5LHLQuOosSwsvnroG9GR59Q==",
      "engines": {
        "node": ">=0.4"
      }
    },
    "node_modules/is-buffer": {
      "version": "2.0.5",
      "resolved": "https://registry.npmjs.org/is-buffer/-/is-buffer-2.0.5.tgz",
      "integrity": "sha512-i2R6zNFDwgEHJyQUtJEk0XFi1i0dPFn/oqjK3/vPCcDeJvW5NQ83V8QbicfF1SupOaB0h8ntgBC2YiE7dfyctQ==",
      "funding": [
        {
          "type": "github",
          "url": "https://github.com/sponsors/feross"
        },
        {
          "type": "patreon",
          "url": "https://www.patreon.com/feross"
        },
        {
          "type": "consulting",
          "url": "https://feross.org/support"
        }
      ],
      "license": "MIT",
      "engines": {
        "node": ">=4"
      }
    },
    "node_modules/is-plain-obj": {
      "version": "4.1.0",
      "resolved": "https://registry.npmjs.org/is-plain-obj/-/is-plain-obj-4.1.0.tgz",
      "integrity": "sha512-+Pgi+vMuUNkJyExiMBt5IlFoMyKnr5zhJ4Uspz58WOhBF5QoIZkFyNHIbBAtHwzVAgk5RtndVNsDRN61/mmDqg==",
      "license": "MIT",
      "engines": {
        "node": ">=12"
      },
      "funding": {
        "url": "https://github.com/sponsors/sindresorhus"
      }
    },
    "node_modules/just-permutations": {
      "version": "2.2.1",
      "resolved": "https://registry.npmjs.org/just-permutations/-/just-permutations-2.2.1.tgz",
      "integrity": "sha512-J2W9djsAsl346A9H41H/S8VXfnPjxZSFfBbAsZRbtFUQTpfmGBGJLWNeZgoDtzBw+ZaN7WF/DOsAJ+V/e6P5cQ==",
      "license": "MIT"
    },
    "node_modules/lodash.merge": {
      "version": "4.6.2",
      "resolved": "https://registry.npmjs.org/lodash.merge/-/lodash.merge-4.6.2.tgz",
      "integrity": "sha512-0KpjqXRVvrYyCsX1swR/XTK0va6VQkQM6MNo7PqW77ByjAhoARA8EfrP1N4+KlKj8YS0ZUCtRT/YUuhyYDujIQ==",
      "license": "MIT"
    },
    "node_modules/moo": {
      "version": "0.5.3",
      "resolved": "https://registry.npmjs.org/moo/-/moo-0.5.3.tgz",
      "integrity": "sha512-m2fmM2dDm7GZQsY7KK2cme8agi+AAljILjQnof7p1ZMDe6dQ4bdnSMx0cPppudoeNv5hEFQirN6u+O4fDE0IWA==",
      "license": "BSD-3-Clause"
    },
    "node_modules/nearley": {
      "version": "2.20.1",
      "resolved": "https://registry.npmjs.org/nearley/-/nearley-2.20.1.tgz",
      "integrity": "sha512-+Mc8UaAebFzgV+KpI5n7DasuuQCHA89dmwm7JXw3TV43ukfNQ9DnBH3Mdb2g/I4Fdxc26pwimBWvjIw0UAILSQ==",
      "license": "MIT",
      "dependencies": {
        "commander": "^2.19.0",
        "moo": "^0.5.0",
        "railroad-diagrams": "^1.0.0",
        "randexp": "0.4.6"
      },
      "bin": {
        "nearley-railroad": "bin/nearley-railroad.js",
        "nearley-test": "bin/nearley-test.js",
        "nearley-unparse": "bin/nearley-unparse.js",
        "nearleyc": "bin/nearleyc.js"
      },
      "funding": {
        "type": "individual",
        "url": "https://nearley.js.org/#give-to-nearley"
      }
    },
    "node_modules/nunjucks": {
      "version": "3.2.4",
      "resolved": "https://registry.npmjs.org/nunjucks/-/nunjucks-3.2.4.tgz",
      "integrity": "sha512-26XRV6BhkgK0VOxfbU5cQI+ICFUtMLixv1noZn1tGU38kQH5A5nmmbk/O45xdyBhD1esk47nKrY0mvQpZIhRjQ==",
      "license": "BSD-2-Clause",
      "dependencies": {
        "a-sync-waterfall": "^1.0.0",
        "asap": "^2.0.3",
        "commander": "^5.1.0"
      },
      "bin": {
        "nunjucks-precompile": "bin/precompile"
      },
      "engines": {
        "node": ">= 6.9.0"
      },
      "peerDependencies": {
        "chokidar": "^3.3.0"
      },
      "peerDependenciesMeta": {
        "chokidar": {
          "optional": true
        }
      }
    },
    "node_modules/nunjucks/node_modules/commander": {
      "version": "5.1.0",
      "resolved": "https://registry.npmjs.org/commander/-/commander-5.1.0.tgz",
      "integrity": "sha512-P0CysNDQ7rtVw4QIQtm+MRxV66vKFSvlsQvGYXZWR3qFU0jlMKHZZZgw8e+8DSah4UDKMqnknRDQz+xuQXQ/Zg==",
      "license": "MIT",
      "engines": {
        "node": ">= 6"
      }
    },
    "node_modules/railroad-diagrams": {
      "version": "1.0.0",
      "resolved": "https://registry.npmjs.org/railroad-diagrams/-/railroad-diagrams-1.0.0.tgz",
      "integrity": "sha512-cz93DjNeLY0idrCNOH6PviZGRN9GJhsdm9hpn1YCS879fj4W+x5IFJhhkRZcwVgMmFF7R82UA/7Oh+R8lLZg6A==",
      "license": "CC0-1.0"
    },
    "node_modules/randexp": {
      "version": "0.4.6",
      "resolved": "https://registry.npmjs.org/randexp/-/randexp-0.4.6.tgz",
      "integrity": "sha512-80WNmd9DA0tmZrw9qQa62GPPWfuXJknrmVmLcxvq4uZBdYqb1wYoKTmnlGUchvVWe0XiLupYkBoXVOxz3C8DYQ==",
      "license": "MIT",
      "dependencies": {
        "discontinuous-range": "1.0.0",
        "ret": "~0.1.10"
      },
      "engines": {
        "node": ">=0.12"
      }
    },
    "node_modules/ret": {
      "version": "0.1.15",
      "resolved": "https://registry.npmjs.org/ret/-/ret-0.1.15.tgz",
      "integrity": "sha512-TTlYpa+OL+vMMNG24xSlQGEJ3B/RzEfUlLct7b5G/ytav+wPrplCpVMFuwzXbkecJrb6IYo1iFb0S9v37754mg==",
      "license": "MIT",
      "engines": {
        "node": ">=0.12"
      }
    },
    "node_modules/tiny-merge-patch": {
      "version": "0.1.2",
      "resolved": "https://registry.npmjs.org/tiny-merge-patch/-/tiny-merge-patch-0.1.2.tgz",
      "integrity": "sha512-NLoA//tTMBPTr0oGdq+fxnvVR0tDa8tOcG9ZGbuovGzROadZ404qOV4g01jeWa5S8MC9nAOvu5bQgCW7s8tlWQ==",
      "license": "MIT"
    },
    "node_modules/trough": {
      "version": "2.2.0",
      "resolved": "https://registry.npmjs.org/trough/-/trough-2.2.0.tgz",
      "integrity": "sha512-tmMpK00BjZiUyVyvrBK7knerNgmgvcV/KLVyuma/SC+TQN167GrMRciANTz09+k3zW8L8t60jWO1GpfkZdjTaw==",
      "license": "MIT",
      "funding": {
        "type": "github",
        "url": "https://github.com/sponsors/wooorm"
      }
    },
    "node_modules/unicode2latex": {
      "version": "7.0.30",
      "resolved": "https://registry.npmjs.org/unicode2latex/-/unicode2latex-7.0.30.tgz",
      "integrity": "sha512-TZNZs76DFS+dZx05990QppraGX7DwISUIZFBprWfZ10eWnfQKbCPISk1hRMPnfV1xjWDnl2HHJCrsD4DhTDWGA==",
      "license": "ISC",
      "dependencies": {
        "@pomgui/deep": "^3.0.3",
        "just-permutations": "^2.2.1",
        "tiny-merge-patch": "^0.1.2"
      }
    },
    "node_modules/unified": {
      "version": "10.1.2",
      "resolved": "https://registry.npmjs.org/unified/-/unified-10.1.2.tgz",
      "integrity": "sha512-pUSWAi/RAnVy1Pif2kAoeWNBa3JVrx0MId2LASj8G+7AiHWoKZNTomq6LG326T68U7/e263X6fTdcXIy7XnF7Q==",
      "license": "MIT",
      "dependencies": {
        "@types/unist": "^2.0.0",
        "bail": "^2.0.0",
        "extend": "^3.0.0",
        "is-buffer": "^2.0.0",
        "is-plain-obj": "^4.0.0",
        "trough": "^2.0.0",
        "vfile": "^5.0.0"
      },
      "funding": {
        "type": "opencollective",
        "url": "https://opencollective.com/unified"
      }
    },
    "node_modules/unist-util-stringify-position": {
      "version": "3.0.3",
      "resolved": "https://registry.npmjs.org/unist-util-stringify-position/-/unist-util-stringify-position-3.0.3.tgz",
      "integrity": "sha512-k5GzIBZ/QatR8N5X2y+drfpWG8IDBzdnVj6OInRNWm1oXrzydiaAT2OQiA8DPRRZyAKb9b6I2a6PxYklZD0gKg==",
      "license": "MIT",
      "dependencies": {
        "@types/unist": "^2.0.0"
      },
      "funding": {
        "type": "opencollective",
        "url": "https://opencollective.com/unified"
      }
    },
    "node_modules/vfile": {
      "version": "5.3.7",
      "resolved": "https://registry.npmjs.org/vfile/-/vfile-5.3.7.tgz",
      "integrity": "sha512-r7qlzkgErKjobAmyNIkkSpizsFPYiUPuJb5pNW1RB4JcYVZhs4lIbVqk8XPk033CV/1z8ss5pkax8SuhGpcG8g==",
      "license": "MIT",
      "dependencies": {
        "@types/unist": "^2.0.0",
        "is-buffer": "^2.0.0",
        "unist-util-stringify-position": "^3.0.0",
        "vfile-message": "^3.0.0"
      },
      "funding": {
        "type": "opencollective",
        "url": "https://opencollective.com/unified"
      }
    },
    "node_modules/vfile-message": {
      "version": "3.1.4",
      "resolved": "https://registry.npmjs.org/vfile-message/-/vfile-message-3.1.4.tgz",
      "integrity": "sha512-fa0Z6P8HUrQN4BZaX05SIVXic+7kE3b05PWAtPuYP9QLHsLKYR7/AlLW3NtOrpXRLeawpDLMsVkmk5DG0NXgWw==",
      "license": "MIT",
      "dependencies": {
        "@types/unist": "^2.0.0",
        "unist-util-stringify-position": "^3.0.0"
      },
      "funding": {
        "type": "opencollective",
        "url": "https://opencollective.com/unified"
      }
    },
    "node_modules/wink-eng-lite-web-model": {
      "version": "1.8.1",
      "resolved": "https://registry.npmjs.org/wink-eng-lite-web-model/-/wink-eng-lite-web-model-1.8.1.tgz",
      "integrity": "sha512-M2tSOU/rVNkDj8AS8IoKJaM7apJJjS0cN+hE8CPazfnB4A/ojyc9+7RMPk18UOiIdSyWk7MR6w8z9lWix2l5tA==",
      "license": "MIT",
      "engines": {
        "node": ">=16.0.0"
      }
    },
    "node_modules/wink-nlp": {
      "version": "2.4.0",
      "resolved": "https://registry.npmjs.org/wink-nlp/-/wink-nlp-2.4.0.tgz",
      "integrity": "sha512-d02inlNJL0LLNTLoYfkxZYGrqnYDSZV4HI4WpeuyIEfpu7UcUqUW1ZYWr+JTFm4ZR6dQdzOW/FtHEQRO+o/zzA==",
      "license": "MIT"
    }
  }
}
